
Microsoft Visual Studio Solution File, Format Version 12.00
# Visual Studio Version 17
VisualStudioVersion = 17.8.34525.116
MinimumVisualStudioVersion = 10.0.40219.1
Project("{FAE04EC0-301F-11D3-BF4B-00C04F79EFBC}") = "ExpenseTrackerApi", "ExpenseTrackerApi\ExpenseTrackerApi.csproj", "{43747386-4953-4CCA-9681-4A9BC3E17ECB}"
EndProject
Global
	GlobalSection(SolutionConfigurationPlatforms) = preSolution
		Debug|Any CPU = Debug|Any CPU
		Release|Any CPU = Release|Any CPU
	EndGlobalSection
	GlobalSection(ProjectConfigurationPlatforms) = postSolution
		{43747386-4953-4CCA-9681-4A9BC3E17ECB}.Debug|Any CPU.ActiveCfg = Debug|Any CPU
		{43747386-4953-4CCA-9681-4A9BC3E17ECB}.Debug|Any CPU.Build.0 = Debug|Any CPU
		{43747386-4953-4CCA-9681-4A9BC3E17ECB}.Release|Any CPU.ActiveCfg = Release|Any CPU
		{43747386-4953-4CCA-9681-4A9BC3E17ECB}.Release|Any CPU.Build.0 = Release|Any CPU
	EndGlobalSection
	GlobalSection(SolutionProperties) = preSolution
		HideSolutionNode = FALSE
	EndGlobalSection
	GlobalSection(ExtensibilityGlobals) = postSolution
		SolutionGuid = {D8C2FB81-CB30-4ACC-964B-4DC02BACA52B}
	EndGlobalSection
EndGlobal
